
Microsoft Visual Studio Solution File, Format Version 12.00
# Visual Studio Version 16
VisualStudioVersion = 16.0.30309.148
MinimumVisualStudioVersion = 10.0.40219.1
Project("{9A19103F-16F7-4668-BE54-9A1E7A4F7556}") = "Scalpy", "Scalpy.csproj", "{28A3C899-B2BF-41E9-BCE2-7C3AC2216394}"
EndProject
Project("{9A19103F-16F7-4668-BE54-9A1E7A4F7556}") = "Entities", "..\Entities\Entities.csproj", "{5C187B79-4E03-4514-98C0-CEFC6134776A}"
EndProject
Global
	GlobalSection(SolutionConfigurationPlatforms) = preSolution
		Debug|Any CPU = Debug|Any CPU
		Release|Any CPU = Release|Any CPU
	EndGlobalSection
	GlobalSection(ProjectConfigurationPlatforms) = postSolution
		{28A3C899-B2BF-41E9-BCE2-7C3AC2216394}.Debug|Any CPU.ActiveCfg = Debug|Any CPU
		{28A3C899-B2BF-41E9-BCE2-7C3AC2216394}.Debug|Any CPU.Build.0 = Debug|Any CPU
		{28A3C899-B2BF-41E9-BCE2-7C3AC2216394}.Release|Any CPU.ActiveCfg = Release|Any CPU
		{28A3C899-B2BF-41E9-BCE2-7C3AC2216394}.Release|Any CPU.Build.0 = Release|Any CPU
		{5C187B79-4E03-4514-98C0-CEFC6134776A}.Debug|Any CPU.ActiveCfg = Debug|Any CPU
		{5C187B79-4E03-4514-98C0-CEFC6134776A}.Debug|Any CPU.Build.0 = Debug|Any CPU
		{5C187B79-4E03-4514-98C0-CEFC6134776A}.Release|Any CPU.ActiveCfg = Release|Any CPU
		{5C187B79-4E03-4514-98C0-CEFC6134776A}.Release|Any CPU.Build.0 = Release|Any CPU
	EndGlobalSection
	GlobalSection(SolutionProperties) = preSolution
		HideSolutionNode = FALSE
	EndGlobalSection
	GlobalSection(ExtensibilityGlobals) = postSolution
		SolutionGuid = {C93E3B57-97D0-4719-989D-5C96CEA078A2}
	EndGlobalSection
EndGlobal
